
Microsoft Visual Studio Solution File, Format Version 12.00
# Visual Studio 15
VisualStudioVersion = 15.0.28307.1145
MinimumVisualStudioVersion = 10.0.40219.1
Project("{8BC9CEB8-8B4A-11D0-8D11-00A0C91BC942}") = "Practice3_2", "Practice3_2.vcxproj", "{A38063FB-CD32-449F-A194-9CE253EEF074}"
EndProject
Global
	GlobalSection(SolutionConfigurationPlatforms) = preSolution
		Debug|x64 = Debug|x64
		Debug|x86 = Debug|x86
		Release|x64 = Release|x64
		Release|x86 = Release|x86
	EndGlobalSection
	GlobalSection(ProjectConfigurationPlatforms) = postSolution
		{A38063FB-CD32-449F-A194-9CE253EEF074}.Debug|x64.ActiveCfg = Debug|x64
		{A38063FB-CD32-449F-A194-9CE253EEF074}.Debug|x64.Build.0 = Debug|x64
		{A38063FB-CD32-449F-A194-9CE253EEF074}.Debug|x86.ActiveCfg = Debug|Win32
		{A38063FB-CD32-449F-A194-9CE253EEF074}.Debug|x86.Build.0 = Debug|Win32
		{A38063FB-CD32-449F-A194-9CE253EEF074}.Release|x64.ActiveCfg = Release|x64
		{A38063FB-CD32-449F-A194-9CE253EEF074}.Release|x64.Build.0 = Release|x64
		{A38063FB-CD32-449F-A194-9CE253EEF074}.Release|x86.ActiveCfg = Release|Win32
		{A38063FB-CD32-449F-A194-9CE253EEF074}.Release|x86.Build.0 = Release|Win32
	EndGlobalSection
	GlobalSection(SolutionProperties) = preSolution
		HideSolutionNode = FALSE
	EndGlobalSection
	GlobalSection(ExtensibilityGlobals) = postSolution
		SolutionGuid = {D66E4283-57A0-45E8-BAF5-2DD00695A86F}
	EndGlobalSection
EndGlobal
